
Microsoft Visual Studio Solution File, Format Version 12.00
# Visual Studio Version 17
VisualStudioVersion = 17.0.32014.148
MinimumVisualStudioVersion = 10.0.40219.1
Project("{FAE04EC0-301F-11D3-BF4B-00C04F79EFBC}") = "Megasware128.HalfLifeLauncher", "Megasware128.HalfLifeLauncher\Megasware128.HalfLifeLauncher.csproj", "{B3702202-4A94-4046-9BFB-349C30A75458}"
EndProject
Global
	GlobalSection(SolutionConfigurationPlatforms) = preSolution
		Debug|Any CPU = Debug|Any CPU
		Release|Any CPU = Release|Any CPU
	EndGlobalSection
	GlobalSection(ProjectConfigurationPlatforms) = postSolution
		{B3702202-4A94-4046-9BFB-349C30A75458}.Debug|Any CPU.ActiveCfg = Debug|Any CPU
		{B3702202-4A94-4046-9BFB-349C30A75458}.Debug|Any CPU.Build.0 = Debug|Any CPU
		{B3702202-4A94-4046-9BFB-349C30A75458}.Release|Any CPU.ActiveCfg = Release|Any CPU
		{B3702202-4A94-4046-9BFB-349C30A75458}.Release|Any CPU.Build.0 = Release|Any CPU
	EndGlobalSection
	GlobalSection(SolutionProperties) = preSolution
		HideSolutionNode = FALSE
	EndGlobalSection
	GlobalSection(ExtensibilityGlobals) = postSolution
		SolutionGuid = {BD46DD21-49D8-447C-A4B3-92C0FD725AE4}
	EndGlobalSection
EndGlobal
